
Microsoft Visual Studio Solution File, Format Version 12.00
# Visual Studio Version 17
VisualStudioVersion = 17.1.32421.90
MinimumVisualStudioVersion = 10.0.40219.1
Project("{FAE04EC0-301F-11D3-BF4B-00C04F79EFBC}") = "Employee Wage", "Employee Wage\Employee Wage.csproj", "{65B06BDD-3AF1-4C80-B20E-8229796408FA}"
EndProject
Global
	GlobalSection(SolutionConfigurationPlatforms) = preSolution
		Debug|Any CPU = Debug|Any CPU
		Release|Any CPU = Release|Any CPU
	EndGlobalSection
	GlobalSection(ProjectConfigurationPlatforms) = postSolution
		{65B06BDD-3AF1-4C80-B20E-8229796408FA}.Debug|Any CPU.ActiveCfg = Debug|Any CPU
		{65B06BDD-3AF1-4C80-B20E-8229796408FA}.Debug|Any CPU.Build.0 = Debug|Any CPU
		{65B06BDD-3AF1-4C80-B20E-8229796408FA}.Release|Any CPU.ActiveCfg = Release|Any CPU
		{65B06BDD-3AF1-4C80-B20E-8229796408FA}.Release|Any CPU.Build.0 = Release|Any CPU
	EndGlobalSection
	GlobalSection(SolutionProperties) = preSolution
		HideSolutionNode = FALSE
	EndGlobalSection
	GlobalSection(ExtensibilityGlobals) = postSolution
		SolutionGuid = {B4D04CD1-1079-4FDE-9B5A-14DF5A4E2940}
	EndGlobalSection
EndGlobal
